
Microsoft Visual Studio Solution File, Format Version 12.00
# Visual Studio Version 17
VisualStudioVersion = 17.2.32616.157
MinimumVisualStudioVersion = 10.0.40219.1
Project("{FAE04EC0-301F-11D3-BF4B-00C04F79EFBC}") = "REALITYFIRST", "WebApplication1\REALITYFIRST.csproj", "{93518DA7-908A-48C9-A9AC-8AD2C4678852}"
EndProject
Global
	GlobalSection(SolutionConfigurationPlatforms) = preSolution
		Debug|Any CPU = Debug|Any CPU
		Release|Any CPU = Release|Any CPU
	EndGlobalSection
	GlobalSection(ProjectConfigurationPlatforms) = postSolution
		{93518DA7-908A-48C9-A9AC-8AD2C4678852}.Debug|Any CPU.ActiveCfg = Debug|Any CPU
		{93518DA7-908A-48C9-A9AC-8AD2C4678852}.Debug|Any CPU.Build.0 = Debug|Any CPU
		{93518DA7-908A-48C9-A9AC-8AD2C4678852}.Release|Any CPU.ActiveCfg = Release|Any CPU
		{93518DA7-908A-48C9-A9AC-8AD2C4678852}.Release|Any CPU.Build.0 = Release|Any CPU
	EndGlobalSection
	GlobalSection(SolutionProperties) = preSolution
		HideSolutionNode = FALSE
	EndGlobalSection
	GlobalSection(ExtensibilityGlobals) = postSolution
		SolutionGuid = {EC9BFD87-D3AB-4D8A-A179-FA7F7F1B1028}
	EndGlobalSection
EndGlobal
